// !$*UTF8*$!
{
	archiveVersion = 1;
	classes = {
	};
	objectVersion = 46;
	objects = {

/* Begin PBXBuildFile section */
		033B54231E568B6100D65F69 /* second.c in Sources */ = {isa = PBXBuildFile; fileRef = 033B54211E568B6100D65F69 /* second.c */; };
		03BBE7431E55960E00765AB8 /* main.c in Sources */ = {isa = PBXBuildFile; fileRef = 03BBE7421E55960E00765AB8 /* main.c */; };
/* End PBXBuildFile section */

/* Begin PBXCopyFilesBuildPhase section */
		03BBE73D1E55960E00765AB8 /* CopyFiles */ = {
			isa = PBXCopyFilesBuildPhase;
			buildActionMask = 2147483647;
			dstPath = /usr/share/man/man1/;
			dstSubfolderSpec = 0;
			files = (
			);
			runOnlyForDeploymentPostprocessing = 1;
		};
/* End PBXCopyFilesBuildPhase section */

/* Begin PBXFileReference section */
		033B54211E568B6100D65F69 /* second.c */ = {isa = PBXFileReference; fileEncoding = 4; lastKnownFileType = sourcecode.c.c; path = second.c; sourceTree = "<group>"; };
		033B54221E568B6100D65F69 /* second.h */ = {isa = PBXFileReference; fileEncoding = 4; lastKnownFileType = sourcecode.c.h; path = second.h; sourceTree = "<group>"; };
		03BBE73F1E55960E00765AB8 /* textCC */ = {isa = PBXFileReference; explicitFileType = "compiled.mach-o.executable"; includeInIndex = 0; path = textCC; sourceTree = BUILT_PRODUCTS_DIR; };
		03BBE7421E55960E00765AB8 /* main.c */ = {isa = PBXFileReference; lastKnownFileType = sourcecode.c.c; path = main.c; sourceTree = "<group>"; };
/* End PBXFileReference section */

/* Begin PBXFrameworksBuildPhase section */
		03BBE73C1E55960E00765AB8 /* Frameworks */ = {
			isa = PBXFrameworksBuildPhase;
			buildActionMask = 2147483647;
			files = (
			);
			runOnlyForDeploymentPostprocessing = 0;
		};
/* End PBXFrameworksBuildPhase section */

/* Begin PBXGroup section */
		03BBE7361E55960E00765AB8 = {
			isa = PBXGroup;
			children = (
				03BBE7411E55960E00765AB8 /* textCC */,
				03BBE7401E55960E00765AB8 /* Products */,
			);
			sourceTree = "<group>";
		};
		03BBE7401E55960E00765AB8 /* Products */ = {
			isa = PBXGroup;
			children = (
				03BBE73F1E55960E00765AB8 /* textCC */,
			);
			name = Products;
			sourceTree = "<group>";
		};
		03BBE7411E55960E00765AB8 /* textCC */ = {
			isa = PBXGroup;
			children = (
				03BBE7421E55960E00765AB8 /* main.c */,
				033B54211E568B6100D65F69 /* second.c */,
				033B54221E568B6100D65F69 /* second.h */,
			);
			path = textCC;
			sourceTree = "<group>";
		};
/* End PBXGroup section */

/* Begin PBXNativeTarget section */
		03BBE73E1E55960E00765AB8 /* textCC */ = {
			isa = PBXNativeTarget;
			buildConfigurationList = 03BBE7461E55960E00765AB8 /* Build configuration list for PBXNativeTarget "textCC" */;
			buildPhases = (
				03BBE73B1E55960E00765AB8 /* Sources */,
				03BBE73C1E55960E00765AB8 /* Frameworks */,
				03BBE73D1E55960E00765AB8 /* CopyFiles */,
			);
			buildRules = (
			);
			dependencies = (
			);
			name = textCC;
			productName = textCC;
			productReference = 03BBE73F1E55960E00765AB8 /* textCC */;
			productType = "com.apple.product-type.tool";
		};
/* End PBXNativeTarget section */

/* Begin PBXProject section */
		03BBE7371E55960E00765AB8 /* Project object */ = {
			isa = PBXProject;
			attributes = {
				LastUpgradeCheck = 0810;
				ORGANIZATIONNAME = azi;
				TargetAttributes = {
					03BBE73E1E55960E00765AB8 = {
						CreatedOnToolsVersion = 8.1;
						DevelopmentTeam = HFY5J94T56;
						ProvisioningStyle = Automatic;
					};
				};
			};
			buildConfigurationList = 03BBE73A1E55960E00765AB8 /* Build configuration list for PBXProject "textCC" */;
			compatibilityVersion = "Xcode 3.2";
			developmentRegion = English;
			hasScannedForEncodings = 0;
			knownRegions = (
				en,
			);
			mainGroup = 03BBE7361E55960E00765AB8;
			productRefGroup = 03BBE7401E55960E00765AB8 /* Products */;
			projectDirPath = "";
			projectRoot = "";
			targets = (
				03BBE73E1E55960E00765AB8 /* textCC */,
			);
		};
/* End PBXProject section */

/* Begin PBXSourcesBuildPhase section */
		03BBE73B1E55960E00765AB8 /* Sources */ = {
			isa = PBXSourcesBuildPhase;
			buildActionMask = 2147483647;
			files = (
				03BBE7431E55960E00765AB8 /* main.c in Sources */,
				033B54231E568B6100D65F69 /* second.c in Sources */,
			);
			runOnlyForDeploymentPostprocessing = 0;
		};
/* End PBXSourcesBuildPhase section */

/* Begin XCBuildConfiguration section */
		03BBE7441E55960E00765AB8 /* Debug */ = {
			isa = XCBuildConfiguration;
			buildSettings = {
				ALWAYS_SEARCH_USER_PATHS = NO;
				CLANG_ANALYZER_NONNULL = YES;
				CLANG_CXX_LANGUAGE_STANDARD = "gnu++0x";
				CLANG_CXX_LIBRARY = "libc++";
				CLANG_ENABLE_MODULES = YES;
				CLANG_ENABLE_OBJC_ARC = YES;
				CLANG_WARN_BOOL_CONVERSION = YES;
				CLANG_WARN_CONSTANT_CONVERSION = YES;
				CLANG_WARN_DIRECT_OBJC_ISA_USAGE = YES_ERROR;
				CLANG_WARN_DOCUMENTATION_COMMENTS = YES;
				CLANG_WARN_EMPTY_BODY = YES;
				CLANG_WARN_ENUM_CONVERSION = YES;
				CLANG_WARN_INFINITE_RECURSION = YES;
				CLANG_WARN_INT_CONVERSION = YES;
				CLANG_WARN_OBJC_ROOT_CLASS = YES_ERROR;
				CLANG_WARN_SUSPICIOUS_MOVES = YES;
				CLANG_WARN_UNREACHABLE_CODE = YES;
				CLANG_WARN__DUPLICATE_METHOD_MATCH = YES;
				CODE_SIGN_IDENTITY = "-";
				COPY_PHASE_STRIP = NO;
				DEBUG_INFORMATION_FORMAT = dwarf;
				ENABLE_STRICT_OBJC_MSGSEND = YES;
				ENABLE_TESTABILITY = YES;
				GCC_C_LANGUAGE_STANDARD = gnu99;
				GCC_DYNAMIC_NO_PIC = NO;
				GCC_NO_COMMON_BLOCKS = YES;
				GCC_OPTIMIZATION_LEVEL = 0;
				GCC_PREPROCESSOR_DEFINITIONS = (
					"DEBUG=1",
					"$(inherited)",
				);
				GCC_WARN_64_TO_32_BIT_CONVERSION = YES;
				GCC_WARN_ABOUT_RETURN_TYPE = YES_ERROR;
				GCC_WARN_UNDECLARED_SELECTOR = YES;
				GCC_WARN_UNINITIALIZED_AUTOS = YES_AGGRESSIVE;
				GCC_WARN_UNUSED_FUNCTION = YES;
				GCC_WARN_UNUSED_VARIABLE = YES;
				MACOSX_DEPLOYMENT_TARGET = 10.11;
				MTL_ENABLE_DEBUG_INFO = YES;
				ONLY_ACTIVE_ARCH = YES;
				SDKROOT = macosx;
			};
			name = Debug;
		};
		03BBE7451E55960E00765AB8 /* Release */ = {
			isa = XCBuildConfiguration;
			buildSettings = {
				ALWAYS_SEARCH_USER_PATHS = NO;
				CLANG_ANALYZER_NONNULL = YES;
				CLANG_CXX_LANGUAGE_STANDARD = "gnu++0x";
				CLANG_CXX_LIBRARY = "libc++";
				CLANG_ENABLE_MODULES = YES;
				CLANG_ENABLE_OBJC_ARC = YES;
				CLANG_WARN_BOOL_CONVERSION = YES;
				CLANG_WARN_CONSTANT_CONVERSION = YES;
				CLANG_WARN_DIRECT_OBJC_ISA_USAGE = YES_ERROR;
				CLANG_WARN_DOCUMENTATION_COMMENTS = YES;
				CLANG_WARN_EMPTY_BODY = YES;
				CLANG_WARN_ENUM_CONVERSION = YES;
				CLANG_WARN_INFINITE_RECURSION = YES;
				CLANG_WARN_INT_CONVERSION = YES;
				CLANG_WARN_OBJC_ROOT_CLASS = YES_ERROR;
				CLANG_WARN_SUSPICIOUS_MOVES = YES;
				CLANG_WARN_UNREACHABLE_CODE = YES;
				CLANG_WARN__DUPLICATE_METHOD_MATCH = YES;
				CODE_SIGN_IDENTITY = "-";
				COPY_PHASE_STRIP = NO;
				DEBUG_INFORMATION_FORMAT = "dwarf-with-dsym";
				ENABLE_NS_ASSERTIONS = NO;
				ENABLE_STRICT_OBJC_MSGSEND = YES;
				GCC_C_LANGUAGE_STANDARD = gnu99;
				GCC_NO_COMMON_BLOCKS = YES;
				GCC_WARN_64_TO_32_BIT_CONVERSION = YES;
				GCC_WARN_ABOUT_RETURN_TYPE = YES_ERROR;
				GCC_WARN_UNDECLARED_SELECTOR = YES;
				GCC_WARN_UNINITIALIZED_AUTOS = YES_AGGRESSIVE;
				GCC_WARN_UNUSED_FUNCTION = YES;
				GCC_WARN_UNUSED_VARIABLE = YES;
				MACOSX_DEPLOYMENT_TARGET = 10.11;
				MTL_ENABLE_DEBUG_INFO = NO;
				SDKROOT = macosx;
			};
			name = Release;
		};
		03BBE7471E55960E00765AB8 /* Debug */ = {
			isa = XCBuildConfiguration;
			buildSettings = {
				DEVELOPMENT_TEAM = HFY5J94T56;
				PRODUCT_NAME = "$(TARGET_NAME)";
			};
			name = Debug;
		};
		03BBE7481E55960E00765AB8 /* Release */ = {
			isa = XCBuildConfiguration;
			buildSettings = {
				DEVELOPMENT_TEAM = HFY5J94T56;
				PRODUCT_NAME = "$(TARGET_NAME)";
			};
			name = Release;
		};
/* End XCBuildConfiguration section */

/* Begin XCConfigurationList section */
		03BBE73A1E55960E00765AB8 /* Build configuration list for PBXProject "textCC" */ = {
			isa = XCConfigurationList;
			buildConfigurations = (
				03BBE7441E55960E00765AB8 /* Debug */,
				03BBE7451E55960E00765AB8 /* Release */,
			);
			defaultConfigurationIsVisible = 0;
			defaultConfigurationName = Release;
		};
		03BBE7461E55960E00765AB8 /* Build configuration list for PBXNativeTarget "textCC" */ = {
			isa = XCConfigurationList;
			buildConfigurations = (
				03BBE7471E55960E00765AB8 /* Debug */,
				03BBE7481E55960E00765AB8 /* Release */,
			);
			defaultConfigurationIsVisible = 0;
			defaultConfigurationName = Release;
		};
/* End XCConfigurationList section */
	};
	rootObject = 03BBE7371E55960E00765AB8 /* Project object */;
}
